
Microsoft Visual Studio Solution File, Format Version 12.00
# Visual Studio 15
VisualStudioVersion = 15.0.28307.106
MinimumVisualStudioVersion = 10.0.40219.1
Project("{FAE04EC0-301F-11D3-BF4B-00C04F79EFBC}") = "Stack_SkylineProblem", "Stack_SkylineProblem\Stack_SkylineProblem.csproj", "{A5B7C7A8-8FEE-4CAB-9DD1-AD7600700A7E}"
EndProject
Global
	GlobalSection(SolutionConfigurationPlatforms) = preSolution
		Debug|Any CPU = Debug|Any CPU
		Release|Any CPU = Release|Any CPU
	EndGlobalSection
	GlobalSection(ProjectConfigurationPlatforms) = postSolution
		{A5B7C7A8-8FEE-4CAB-9DD1-AD7600700A7E}.Debug|Any CPU.ActiveCfg = Debug|Any CPU
		{A5B7C7A8-8FEE-4CAB-9DD1-AD7600700A7E}.Debug|Any CPU.Build.0 = Debug|Any CPU
		{A5B7C7A8-8FEE-4CAB-9DD1-AD7600700A7E}.Release|Any CPU.ActiveCfg = Release|Any CPU
		{A5B7C7A8-8FEE-4CAB-9DD1-AD7600700A7E}.Release|Any CPU.Build.0 = Release|Any CPU
	EndGlobalSection
	GlobalSection(SolutionProperties) = preSolution
		HideSolutionNode = FALSE
	EndGlobalSection
	GlobalSection(ExtensibilityGlobals) = postSolution
		SolutionGuid = {581925B4-376F-4BB6-8CBB-3C006ED7E3C9}
	EndGlobalSection
EndGlobal
